lockfileVersion: '9.0'

settings:
  autoInstallPeers: true
  excludeLinksFromLockfile: false

importers:

  .:
    dependencies:
      '@rollup/plugin-commonjs':
        specifier: ^28.0.1
        version: 28.0.1(rollup@4.27.4)
      '@rollup/plugin-json':
        specifier: ^6.1.0
        version: 6.1.0(rollup@4.27.4)
      '@rollup/plugin-node-resolve':
        specifier: ^15.3.0
        version: 15.3.0(rollup@4.27.4)
      '@rollup/plugin-terser':
        specifier: ^0.4.4
        version: 0.4.4(rollup@4.27.4)
      '@rollup/plugin-typescript':
        specifier: ^12.1.1
        version: 12.1.1(rollup@4.27.4)(tslib@2.8.1)(typescript@5.7.2)
      '@types/node':
        specifier: ^22.10.1
        version: 22.10.1
      rollup:
        specifier: ^4.27.4
        version: 4.27.4
      tslib:
        specifier: ^2.8.1
        version: 2.8.1
      typescript:
        specifier: ^5.7.2
        version: 5.7.2

packages:

  '@jridgewell/gen-mapping@0.3.3':
    resolution: {integrity: sha512-HLhSWOLRi875zjjMG/r+Nv0oCW8umGb0BgEhyX3dDX3egwZtB8PqLnjz3yedt8R5StBrzcg4aBpnh8UA9D1BoQ==}
    engines: {node: '>=6.0.0'}

  '@jridgewell/resolve-uri@3.1.2':
    resolution: {integrity: sha512-bRISgCIjP20/tbWSPWMEi54QVPRZExkuD9lJL+UIxUKtwVJA8wW1Trb1jMs1RFXo1CBTNZ/5hpC9QvmKWdopKw==}
    engines: {node: '>=6.0.0'}

  '@jridgewell/set-array@1.1.2':
    resolution: {integrity: sha512-xnkseuNADM0gt2bs+BvhO0p78Mk762YnZdsuzFV018NoG1Sj1SCQvpSqa7XUaTam5vAGasABV9qXASMKnFMwMw==}
    engines: {node: '>=6.0.0'}

  '@jridgewell/source-map@0.3.5':
    resolution: {integrity: sha512-UTYAUj/wviwdsMfzoSJspJxbkH5o1snzwX0//0ENX1u/55kkZZkcTZP6u9bwKGkv+dkk9at4m1Cpt0uY80kcpQ==}

  '@jridgewell/sourcemap-codec@1.4.15':
    resolution: {integrity: sha512-eF2rxCRulEKXHTRiDrDy6erMYWqNw4LPdQ8UQA4huuxaQsVeRPFl2oM8oDGxMFhJUWZf9McpLtJasDDZb/Bpeg==}

  '@jridgewell/trace-mapping@0.3.22':
    resolution: {integrity: sha512-Wf963MzWtA2sjrNt+g18IAln9lKnlRp+K2eH4jjIoF1wYeq3aMREpG09xhlhdzS0EjwU7qmUJYangWa+151vZw==}

  '@rollup/plugin-commonjs@28.0.1':
    resolution: {integrity: sha512-+tNWdlWKbpB3WgBN7ijjYkq9X5uhjmcvyjEght4NmH5fAU++zfQzAJ6wumLS+dNcvwEZhKx2Z+skY8m7v0wGSA==}
    engines: {node: '>=16.0.0 || 14 >= 14.17'}
    peerDependencies:
      rollup: ^2.68.0||^3.0.0||^4.0.0
    peerDependenciesMeta:
      rollup:
        optional: true

  '@rollup/plugin-json@6.1.0':
    resolution: {integrity: sha512-EGI2te5ENk1coGeADSIwZ7G2Q8CJS2sF120T7jLw4xFw9n7wIOXHo+kIYRAoVpJAN+kmqZSoO3Fp4JtoNF4ReA==}
    engines: {node: '>=14.0.0'}
    peerDependencies:
      rollup: ^1.20.0||^2.0.0||^3.0.0||^4.0.0
    peerDependenciesMeta:
      rollup:
        optional: true

  '@rollup/plugin-node-resolve@15.3.0':
    resolution: {integrity: sha512-9eO5McEICxMzJpDW9OnMYSv4Sta3hmt7VtBFz5zR9273suNOydOyq/FrGeGy+KsTRFm8w0SLVhzig2ILFT63Ag==}
    engines: {node: '>=14.0.0'}
    peerDependencies:
      rollup: ^2.78.0||^3.0.0||^4.0.0
    peerDependenciesMeta:
      rollup:
        optional: true

  '@rollup/plugin-terser@0.4.4':
    resolution: {integrity: sha512-XHeJC5Bgvs8LfukDwWZp7yeqin6ns8RTl2B9avbejt6tZqsqvVoWI7ZTQrcNsfKEDWBTnTxM8nMDkO2IFFbd0A==}
    engines: {node: '>=14.0.0'}
    peerDependencies:
      rollup: ^2.0.0||^3.0.0||^4.0.0
    peerDependenciesMeta:
      rollup:
        optional: true

  '@rollup/plugin-typescript@12.1.1':
    resolution: {integrity: sha512-t7O653DpfB5MbFrqPe/VcKFFkvRuFNp9qId3xq4Eth5xlyymzxNpye2z8Hrl0RIMuXTSr5GGcFpkdlMeacUiFQ==}
    engines: {node: '>=14.0.0'}
    peerDependencies:
      rollup: ^2.14.0||^3.0.0||^4.0.0
      tslib: '*'
      typescript: '>=3.7.0'
    peerDependenciesMeta:
      rollup:
        optional: true
      tslib:
        optional: true

  '@rollup/pluginutils@5.1.0':
    resolution: {integrity: sha512-XTIWOPPcpvyKI6L1NHo0lFlCyznUEyPmPY1mc3KpPVDYulHSTvyeLNVW00QTLIAFNhR3kYnJTQHeGqU4M3n09g==}
    engines: {node: '>=14.0.0'}
    peerDependencies:
      rollup: ^1.20.0||^2.0.0||^3.0.0||^4.0.0
    peerDependenciesMeta:
      rollup:
        optional: true

  '@rollup/rollup-android-arm-eabi@4.27.4':
    resolution: {integrity: sha512-2Y3JT6f5MrQkICUyRVCw4oa0sutfAsgaSsb0Lmmy1Wi2y7X5vT9Euqw4gOsCyy0YfKURBg35nhUKZS4mDcfULw==}
    cpu: [arm]
    os: [android]

  '@rollup/rollup-android-arm64@4.27.4':
    resolution: {integrity: sha512-wzKRQXISyi9UdCVRqEd0H4cMpzvHYt1f/C3CoIjES6cG++RHKhrBj2+29nPF0IB5kpy9MS71vs07fvrNGAl/iA==}
    cpu: [arm64]
    os: [android]

  '@rollup/rollup-darwin-arm64@4.27.4':
    resolution: {integrity: sha512-PlNiRQapift4LNS8DPUHuDX/IdXiLjf8mc5vdEmUR0fF/pyy2qWwzdLjB+iZquGr8LuN4LnUoSEvKRwjSVYz3Q==}
    cpu: [arm64]
    os: [darwin]

  '@rollup/rollup-darwin-x64@4.27.4':
    resolution: {integrity: sha512-o9bH2dbdgBDJaXWJCDTNDYa171ACUdzpxSZt+u/AAeQ20Nk5x+IhA+zsGmrQtpkLiumRJEYef68gcpn2ooXhSQ==}
    cpu: [x64]
    os: [darwin]

  '@rollup/rollup-freebsd-arm64@4.27.4':
    resolution: {integrity: sha512-NBI2/i2hT9Q+HySSHTBh52da7isru4aAAo6qC3I7QFVsuhxi2gM8t/EI9EVcILiHLj1vfi+VGGPaLOUENn7pmw==}
    cpu: [arm64]
    os: [freebsd]

  '@rollup/rollup-freebsd-x64@4.27.4':
    resolution: {integrity: sha512-wYcC5ycW2zvqtDYrE7deary2P2UFmSh85PUpAx+dwTCO9uw3sgzD6Gv9n5X4vLaQKsrfTSZZ7Z7uynQozPVvWA==}
    cpu: [x64]
    os: [freebsd]

  '@rollup/rollup-linux-arm-gnueabihf@4.27.4':
    resolution: {integrity: sha512-9OwUnK/xKw6DyRlgx8UizeqRFOfi9mf5TYCw1uolDaJSbUmBxP85DE6T4ouCMoN6pXw8ZoTeZCSEfSaYo+/s1w==}
    cpu: [arm]
    os: [linux]

  '@rollup/rollup-linux-arm-musleabihf@4.27.4':
    resolution: {integrity: sha512-Vgdo4fpuphS9V24WOV+KwkCVJ72u7idTgQaBoLRD0UxBAWTF9GWurJO9YD9yh00BzbkhpeXtm6na+MvJU7Z73A==}
    cpu: [arm]
    os: [linux]

  '@rollup/rollup-linux-arm64-gnu@4.27.4':
    resolution: {integrity: sha512-pleyNgyd1kkBkw2kOqlBx+0atfIIkkExOTiifoODo6qKDSpnc6WzUY5RhHdmTdIJXBdSnh6JknnYTtmQyobrVg==}
    cpu: [arm64]
    os: [linux]

  '@rollup/rollup-linux-arm64-musl@4.27.4':
    resolution: {integrity: sha512-caluiUXvUuVyCHr5DxL8ohaaFFzPGmgmMvwmqAITMpV/Q+tPoaHZ/PWa3t8B2WyoRcIIuu1hkaW5KkeTDNSnMA==}
    cpu: [arm64]
    os: [linux]

  '@rollup/rollup-linux-powerpc64le-gnu@4.27.4':
    resolution: {integrity: sha512-FScrpHrO60hARyHh7s1zHE97u0KlT/RECzCKAdmI+LEoC1eDh/RDji9JgFqyO+wPDb86Oa/sXkily1+oi4FzJQ==}
    cpu: [ppc64]
    os: [linux]

  '@rollup/rollup-linux-riscv64-gnu@4.27.4':
    resolution: {integrity: sha512-qyyprhyGb7+RBfMPeww9FlHwKkCXdKHeGgSqmIXw9VSUtvyFZ6WZRtnxgbuz76FK7LyoN8t/eINRbPUcvXB5fw==}
    cpu: [riscv64]
    os: [linux]

  '@rollup/rollup-linux-s390x-gnu@4.27.4':
    resolution: {integrity: sha512-PFz+y2kb6tbh7m3A7nA9++eInGcDVZUACulf/KzDtovvdTizHpZaJty7Gp0lFwSQcrnebHOqxF1MaKZd7psVRg==}
    cpu: [s390x]
    os: [linux]

  '@rollup/rollup-linux-x64-gnu@4.27.4':
    resolution: {integrity: sha512-Ni8mMtfo+o/G7DVtweXXV/Ol2TFf63KYjTtoZ5f078AUgJTmaIJnj4JFU7TK/9SVWTaSJGxPi5zMDgK4w+Ez7Q==}
    cpu: [x64]
    os: [linux]

  '@rollup/rollup-linux-x64-musl@4.27.4':
    resolution: {integrity: sha512-5AeeAF1PB9TUzD+3cROzFTnAJAcVUGLuR8ng0E0WXGkYhp6RD6L+6szYVX+64Rs0r72019KHZS1ka1q+zU/wUw==}
    cpu: [x64]
    os: [linux]

  '@rollup/rollup-win32-arm64-msvc@4.27.4':
    resolution: {integrity: sha512-yOpVsA4K5qVwu2CaS3hHxluWIK5HQTjNV4tWjQXluMiiiu4pJj4BN98CvxohNCpcjMeTXk/ZMJBRbgRg8HBB6A==}
    cpu: [arm64]
    os: [win32]

  '@rollup/rollup-win32-ia32-msvc@4.27.4':
    resolution: {integrity: sha512-KtwEJOaHAVJlxV92rNYiG9JQwQAdhBlrjNRp7P9L8Cb4Rer3in+0A+IPhJC9y68WAi9H0sX4AiG2NTsVlmqJeQ==}
    cpu: [ia32]
    os: [win32]

  '@rollup/rollup-win32-x64-msvc@4.27.4':
    resolution: {integrity: sha512-3j4jx1TppORdTAoBJRd+/wJRGCPC0ETWkXOecJ6PPZLj6SptXkrXcNqdj0oclbKML6FkQltdz7bBA3rUSirZug==}
    cpu: [x64]
    os: [win32]

  '@types/estree@1.0.0':
    resolution: {integrity: sha512-WulqXMDUTYAXCjZnk6JtIHPigp55cVtDgDrO2gHRwhyJto21+1zbVCtOYB2L1F9w4qCQ0rOGWBnBe0FNTiEJIQ==}

  '@types/estree@1.0.5':
    resolution: {integrity: sha512-/kYRxGDLWzHOB7q+wtSUQlFrtcdUccpfy+X+9iMBpHK8QLLhx2wIPYuS5DYtR9Wa/YlZAbIovy7qVdB1Aq6Lyw==}

  '@types/estree@1.0.6':
    resolution: {integrity: sha512-AYnb1nQyY49te+VRAVgmzfcgjYS91mY5P0TKUDCLEM+gNnA+3T6rWITXRLYCpahpqSQbN5cE+gHpnPyXjHWxcw==}

  '@types/node@22.10.1':
    resolution: {integrity: sha512-qKgsUwfHZV2WCWLAnVP1JqnpE6Im6h3Y0+fYgMTasNQ7V++CBX5OT1as0g0f+OyubbFqhf6XVNIsmN4IIhEgGQ==}

  '@types/resolve@1.20.2':
    resolution: {integrity: sha512-60BCwRFOZCQhDncwQdxxeOEEkbc5dIMccYLwbxsS4TUNeVECQ/pBJ0j09mrHOl/JJvpRPGwO9SvE4nR2Nb/a4Q==}

  acorn@8.11.3:
    resolution: {integrity: sha512-Y9rRfJG5jcKOE0CLisYbojUjIrIEE7AGMzA/Sm4BslANhbS+cDMpgBdcPT91oJ7OuJ9hYJBx59RjbhxVnrF8Xg==}
    engines: {node: '>=0.4.0'}
    hasBin: true

  buffer-from@1.1.2:
    resolution: {integrity: sha512-E+XQCRwSbaaiChtv6k6Dwgc+bx+Bs6vuKJHHl5kox/BaKbhiXzqQOwK4cO22yElGp2OCmjwVhT3HmxgyPGnJfQ==}

  commander@2.20.3:
    resolution: {integrity: sha512-GpVkmM8vF2vQUkj2LvZmD35JxeJOLCwJ9cUkugyk2nuhbv3+mJvpLYYt+0+USMxE+oj+ey/lJEnhZw75x/OMcQ==}

  commondir@1.0.1:
    resolution: {integrity: sha512-W9pAhw0ja1Edb5GVdIF1mjZw/ASI0AlShXM83UUGe2DVr5TdAPEA1OA8m/g8zWp9x6On7gqufY+FatDbC3MDQg==}

  deepmerge@4.2.2:
    resolution: {integrity: sha512-FJ3UgI4gIl+PHZm53knsuSFpE+nESMr7M4v9QcgB7S63Kj/6WqMiFQJpBBYz1Pt+66bZpP3Q7Lye0Oo9MPKEdg==}
    engines: {node: '>=0.10.0'}

  estree-walker@2.0.2:
    resolution: {integrity: sha512-Rfkk/Mp/DL7JVje3u18FxFujQlTNR2q6QfMSMB7AvCBx91NGj/ba3kCfza0f6dVDbw7YlRf/nDrn7pQrCCyQ/w==}

  fdir@6.4.2:
    resolution: {integrity: sha512-KnhMXsKSPZlAhp7+IjUkRZKPb4fUyccpDrdFXbi4QL1qkmFh9kVY09Yox+n4MaOb3lHZ1Tv829C3oaaXoMYPDQ==}
    peerDependencies:
      picomatch: ^3 || ^4
    peerDependenciesMeta:
      picomatch:
        optional: true

  fsevents@2.3.2:
    resolution: {integrity: sha512-xiqMQR4xAeHTuB9uWm+fFRcIOgKBMiOBP+eXiyT7jsgVCq1bkVygt00oASowB7EdtpOHaaPgKt812P9ab+DDKA==}
    engines: {node: ^8.16.0 || ^10.6.0 || >=11.0.0}
    os: [darwin]

  function-bind@1.1.1:
    resolution: {integrity: sha512-yIovAzMX49sF8Yl58fSCWJ5svSLuaibPxXQJFLmBObTuCr0Mf1KiPopGM9NiFjiYBCbfaa2Fh6breQ6ANVTI0A==}

  has@1.0.3:
    resolution: {integrity: sha512-f2dvO0VU6Oej7RkWJGrehjbzMAjFp5/VKPp5tTpWIV4JHHZK1/BxbFRtf/siA2SWTe09caDmVtYYzWEIbBS4zw==}
    engines: {node: '>= 0.4.0'}

  is-core-module@2.11.0:
    resolution: {integrity: sha512-RRjxlvLDkD1YJwDbroBHMb+cukurkDWNyHx7D3oNB5x9rb5ogcksMC5wHCadcXoo67gVr/+3GFySh3134zi6rw==}

  is-module@1.0.0:
    resolution: {integrity: sha512-51ypPSPCoTEIN9dy5Oy+h4pShgJmPCygKfyRCISBI+JoWT/2oJvK8QPxmwv7b/p239jXrm9M1mlQbyKJ5A152g==}

  is-reference@1.2.1:
    resolution: {integrity: sha512-U82MsXXiFIrjCK4otLT+o2NA2Cd2g5MLoOVXUZjIOhLurrRxpEXzI8O0KZHr3IjLvlAH1kTPYSuqer5T9ZVBKQ==}

  magic-string@0.30.7:
    resolution: {integrity: sha512-8vBuFF/I/+OSLRmdf2wwFCJCz+nSn0m6DPvGH1fS/KiQoSaR+sETbov0eIk9KhEKy8CYqIkIAnbohxT/4H0kuA==}
    engines: {node: '>=12'}

  path-parse@1.0.7:
    resolution: {integrity: sha512-LDJzPVEEEPR+y48z93A0Ed0yXb8pAByGWo/k5YYdYgpY2/2EsOsksJrq7lOHxryrVOn1ejG6oAp8ahvOIQD8sw==}

  picomatch@2.3.1:
    resolution: {integrity: sha512-JU3teHTNjmE2VCGFzuY8EXzCDVwEqB2a8fsIvwaStHhAWJEeVd1o1QD80CU6+ZdEXXSLbSsuLwJjkCBWqRQUVA==}
    engines: {node: '>=8.6'}

  picomatch@4.0.2:
    resolution: {integrity: sha512-M7BAV6Rlcy5u+m6oPhAPFgJTzAioX/6B0DxyvDlo9l8+T3nLKbrczg2WLUyzd45L8RqfUMyGPzekbMvX2Ldkwg==}
    engines: {node: '>=12'}

  randombytes@2.1.0:
    resolution: {integrity: sha512-vYl3iOX+4CKUWuxGi9Ukhie6fsqXqS9FE2Zaic4tNFD2N2QQaXOMFbuKK4QmDHC0JO6B1Zp41J0LpT0oR68amQ==}

  resolve@1.22.1:
    resolution: {integrity: sha512-nBpuuYuY5jFsli/JIs1oldw6fOQCBioohqWZg/2hiaOybXOft4lonv85uDOKXdf8rhyK159cxU5cDcK/NKk8zw==}
    hasBin: true

  rollup@4.27.4:
    resolution: {integrity: sha512-RLKxqHEMjh/RGLsDxAEsaLO3mWgyoU6x9w6n1ikAzet4B3gI2/3yP6PWY2p9QzRTh6MfEIXB3MwsOY0Iv3vNrw==}
    engines: {node: '>=18.0.0', npm: '>=8.0.0'}
    hasBin: true

  safe-buffer@5.2.1:
    resolution: {integrity: sha512-rp3So07KcdmmKbGvgaNxQSJr7bGVSVk5S9Eq1F+ppbRo70+YeaDxkw5Dd8NPN+GD6bjnYm2VuPuCXmpuYvmCXQ==}

  serialize-javascript@6.0.2:
    resolution: {integrity: sha512-Saa1xPByTTq2gdeFZYLLo+RFE35NHZkAbqZeWNd3BpzppeVisAqpDjcp8dyf6uIvEqJRd46jemmyA4iFIeVk8g==}

  smob@1.4.1:
    resolution: {integrity: sha512-9LK+E7Hv5R9u4g4C3p+jjLstaLe11MDsL21UpYaCNmapvMkYhqCV4A/f/3gyH8QjMyh6l68q9xC85vihY9ahMQ==}

  source-map-support@0.5.21:
    resolution: {integrity: sha512-uBHU3L3czsIyYXKX88fdrGovxdSCoTGDRZ6SYXtSRxLZUzHg5P/66Ht6uoUlHu9EZod+inXhKo3qQgwXUT/y1w==}

  source-map@0.6.1:
    resolution: {integrity: sha512-UjgapumWlbMhkBgzT7Ykc5YXUT46F0iKu8SGXq0bcwP5dz/h0Plj6enJqjz1Zbq2l5WaqYnrVbwWOWMyF3F47g==}
    engines: {node: '>=0.10.0'}

  supports-preserve-symlinks-flag@1.0.0:
    resolution: {integrity: sha512-ot0WnXS9fgdkgIcePe6RHNk1WA8+muPa6cSjeR3V8K27q9BB1rTE3R1p7Hv0z1ZyAc8s6Vvv8DIyWf681MAt0w==}
    engines: {node: '>= 0.4'}

  terser@5.27.1:
    resolution: {integrity: sha512-29wAr6UU/oQpnTw5HoadwjUZnFQXGdOfj0LjZ4sVxzqwHh/QVkvr7m8y9WoR4iN3FRitVduTc6KdjcW38Npsug==}
    engines: {node: '>=10'}
    hasBin: true

  tslib@2.8.1:
    resolution: {integrity: sha512-oJFu94HQb+KVduSUQL7wnpmqnfmLsOA/nAh6b6EH0wCEoK0/mPeXU6c3wKDV83MkOuHPRHtSXKKU99IBazS/2w==}

  typescript@5.7.2:
    resolution: {integrity: sha512-i5t66RHxDvVN40HfDd1PsEThGNnlMCMT3jMUuoh9/0TaqWevNontacunWyN02LA9/fIbEWlcHZcgTKb9QoaLfg==}
    engines: {node: '>=14.17'}
    hasBin: true

  undici-types@6.20.0:
    resolution: {integrity: sha512-Ny6QZ2Nju20vw1SRHe3d9jVu6gJ+4e3+MMpqu7pqE5HT6WsTSlce++GQmK5UXS8mzV8DSYHrQH+Xrf2jVcuKNg==}

snapshots:

  '@jridgewell/gen-mapping@0.3.3':
    dependencies:
      '@jridgewell/set-array': 1.1.2
      '@jridgewell/sourcemap-codec': 1.4.15
      '@jridgewell/trace-mapping': 0.3.22

  '@jridgewell/resolve-uri@3.1.2': {}

  '@jridgewell/set-array@1.1.2': {}

  '@jridgewell/source-map@0.3.5':
    dependencies:
      '@jridgewell/gen-mapping': 0.3.3
      '@jridgewell/trace-mapping': 0.3.22

  '@jridgewell/sourcemap-codec@1.4.15': {}

  '@jridgewell/trace-mapping@0.3.22':
    dependencies:
      '@jridgewell/resolve-uri': 3.1.2
      '@jridgewell/sourcemap-codec': 1.4.15

  '@rollup/plugin-commonjs@28.0.1(rollup@4.27.4)':
    dependencies:
      '@rollup/pluginutils': 5.1.0(rollup@4.27.4)
      commondir: 1.0.1
      estree-walker: 2.0.2
      fdir: 6.4.2(picomatch@4.0.2)
      is-reference: 1.2.1
      magic-string: 0.30.7
      picomatch: 4.0.2
    optionalDependencies:
      rollup: 4.27.4

  '@rollup/plugin-json@6.1.0(rollup@4.27.4)':
    dependencies:
      '@rollup/pluginutils': 5.1.0(rollup@4.27.4)
    optionalDependencies:
      rollup: 4.27.4

  '@rollup/plugin-node-resolve@15.3.0(rollup@4.27.4)':
    dependencies:
      '@rollup/pluginutils': 5.1.0(rollup@4.27.4)
      '@types/resolve': 1.20.2
      deepmerge: 4.2.2
      is-module: 1.0.0
      resolve: 1.22.1
    optionalDependencies:
      rollup: 4.27.4

  '@rollup/plugin-terser@0.4.4(rollup@4.27.4)':
    dependencies:
      serialize-javascript: 6.0.2
      smob: 1.4.1
      terser: 5.27.1
    optionalDependencies:
      rollup: 4.27.4

  '@rollup/plugin-typescript@12.1.1(rollup@4.27.4)(tslib@2.8.1)(typescript@5.7.2)':
    dependencies:
      '@rollup/pluginutils': 5.1.0(rollup@4.27.4)
      resolve: 1.22.1
      typescript: 5.7.2
    optionalDependencies:
      rollup: 4.27.4
      tslib: 2.8.1

  '@rollup/pluginutils@5.1.0(rollup@4.27.4)':
    dependencies:
      '@types/estree': 1.0.0
      estree-walker: 2.0.2
      picomatch: 2.3.1
    optionalDependencies:
      rollup: 4.27.4

  '@rollup/rollup-android-arm-eabi@4.27.4':
    optional: true

  '@rollup/rollup-android-arm64@4.27.4':
    optional: true

  '@rollup/rollup-darwin-arm64@4.27.4':
    optional: true

  '@rollup/rollup-darwin-x64@4.27.4':
    optional: true

  '@rollup/rollup-freebsd-arm64@4.27.4':
    optional: true

  '@rollup/rollup-freebsd-x64@4.27.4':
    optional: true

  '@rollup/rollup-linux-arm-gnueabihf@4.27.4':
    optional: true

  '@rollup/rollup-linux-arm-musleabihf@4.27.4':
    optional: true

  '@rollup/rollup-linux-arm64-gnu@4.27.4':
    optional: true

  '@rollup/rollup-linux-arm64-musl@4.27.4':
    optional: true

  '@rollup/rollup-linux-powerpc64le-gnu@4.27.4':
    optional: true

  '@rollup/rollup-linux-riscv64-gnu@4.27.4':
    optional: true

  '@rollup/rollup-linux-s390x-gnu@4.27.4':
    optional: true

  '@rollup/rollup-linux-x64-gnu@4.27.4':
    optional: true

  '@rollup/rollup-linux-x64-musl@4.27.4':
    optional: true

  '@rollup/rollup-win32-arm64-msvc@4.27.4':
    optional: true

  '@rollup/rollup-win32-ia32-msvc@4.27.4':
    optional: true

  '@rollup/rollup-win32-x64-msvc@4.27.4':
    optional: true

  '@types/estree@1.0.0': {}

  '@types/estree@1.0.5': {}

  '@types/estree@1.0.6': {}

  '@types/node@22.10.1':
    dependencies:
      undici-types: 6.20.0

  '@types/resolve@1.20.2': {}

  acorn@8.11.3: {}

  buffer-from@1.1.2: {}

  commander@2.20.3: {}

  commondir@1.0.1: {}

  deepmerge@4.2.2: {}

  estree-walker@2.0.2: {}

  fdir@6.4.2(picomatch@4.0.2):
    optionalDependencies:
      picomatch: 4.0.2

  fsevents@2.3.2:
    optional: true

  function-bind@1.1.1: {}

  has@1.0.3:
    dependencies:
      function-bind: 1.1.1

  is-core-module@2.11.0:
    dependencies:
      has: 1.0.3

  is-module@1.0.0: {}

  is-reference@1.2.1:
    dependencies:
      '@types/estree': 1.0.5

  magic-string@0.30.7:
    dependencies:
      '@jridgewell/sourcemap-codec': 1.4.15

  path-parse@1.0.7: {}

  picomatch@2.3.1: {}

  picomatch@4.0.2: {}

  randombytes@2.1.0:
    dependencies:
      safe-buffer: 5.2.1

  resolve@1.22.1:
    dependencies:
      is-core-module: 2.11.0
      path-parse: 1.0.7
      supports-preserve-symlinks-flag: 1.0.0

  rollup@4.27.4:
    dependencies:
      '@types/estree': 1.0.6
    optionalDependencies:
      '@rollup/rollup-android-arm-eabi': 4.27.4
      '@rollup/rollup-android-arm64': 4.27.4
      '@rollup/rollup-darwin-arm64': 4.27.4
      '@rollup/rollup-darwin-x64': 4.27.4
      '@rollup/rollup-freebsd-arm64': 4.27.4
      '@rollup/rollup-freebsd-x64': 4.27.4
      '@rollup/rollup-linux-arm-gnueabihf': 4.27.4
      '@rollup/rollup-linux-arm-musleabihf': 4.27.4
      '@rollup/rollup-linux-arm64-gnu': 4.27.4
      '@rollup/rollup-linux-arm64-musl': 4.27.4
      '@rollup/rollup-linux-powerpc64le-gnu': 4.27.4
      '@rollup/rollup-linux-riscv64-gnu': 4.27.4
      '@rollup/rollup-linux-s390x-gnu': 4.27.4
      '@rollup/rollup-linux-x64-gnu': 4.27.4
      '@rollup/rollup-linux-x64-musl': 4.27.4
      '@rollup/rollup-win32-arm64-msvc': 4.27.4
      '@rollup/rollup-win32-ia32-msvc': 4.27.4
      '@rollup/rollup-win32-x64-msvc': 4.27.4
      fsevents: 2.3.2

  safe-buffer@5.2.1: {}

  serialize-javascript@6.0.2:
    dependencies:
      randombytes: 2.1.0

  smob@1.4.1: {}

  source-map-support@0.5.21:
    dependencies:
      buffer-from: 1.1.2
      source-map: 0.6.1

  source-map@0.6.1: {}

  supports-preserve-symlinks-flag@1.0.0: {}

  terser@5.27.1:
    dependencies:
      '@jridgewell/source-map': 0.3.5
      acorn: 8.11.3
      commander: 2.20.3
      source-map-support: 0.5.21

  tslib@2.8.1: {}

  typescript@5.7.2: {}

  undici-types@6.20.0: {}
